
Microsoft Visual Studio Solution File, Format Version 12.00
# Visual Studio Version 16
VisualStudioVersion = 16.0.30517.126
MinimumVisualStudioVersion = 10.0.40219.1
Project("{FAE04EC0-301F-11D3-BF4B-00C04F79EFBC}") = "MvcMovie", "MvcMovie.csproj", "{97827097-2583-45D4-9067-6F5762E03962}"
EndProject
Global
	GlobalSection(SolutionConfigurationPlatforms) = preSolution
		Debug|Any CPU = Debug|Any CPU
		Release|Any CPU = Release|Any CPU
	EndGlobalSection
	GlobalSection(ProjectConfigurationPlatforms) = postSolution
		{97827097-2583-45D4-9067-6F5762E03962}.Debug|Any CPU.ActiveCfg = Debug|Any CPU
		{97827097-2583-45D4-9067-6F5762E03962}.Debug|Any CPU.Build.0 = Debug|Any CPU
		{97827097-2583-45D4-9067-6F5762E03962}.Release|Any CPU.ActiveCfg = Release|Any CPU
		{97827097-2583-45D4-9067-6F5762E03962}.Release|Any CPU.Build.0 = Release|Any CPU
	EndGlobalSection
	GlobalSection(SolutionProperties) = preSolution
		HideSolutionNode = FALSE
	EndGlobalSection
	GlobalSection(ExtensibilityGlobals) = postSolution
		SolutionGuid = {BD29E8D4-5F98-4852-93A7-681E4928DA9B}
	EndGlobalSection
EndGlobal
